// !$*UTF8*$!
{
 archiveVersion = 1;
 classes = {};
 objectVersion = 56;
 objects = {
  A0000000000000000000000F = {isa = PBXFileReference; lastKnownFileType = sourcecode.swift; path = VLCPlayback.swift; sourceTree = "<group>"; };
  B0000000000000000000000D = {isa = PBXBuildFile; fileRef = A0000000000000000000000F; };
  B0000000000000000000000E = {isa = PBXBuildFile; productRef = F00000000000000000000021; };
  D00000000000000000000003 = {isa = PBXFrameworksBuildPhase; buildActionMask = 2147483647; files = (B0000000000000000000000E); runOnlyForDeploymentPostprocessing = 0; };
  F00000000000000000000020 = {isa = XCRemoteSwiftPackageReference; repositoryURL = "https://github.com/tylerjonesio/vlckit-spm"; requirement = {kind = exactVersion; version = 3.6.0; }; };
  F00000000000000000000021 = {isa = XCSwiftPackageProductDependency; package = F00000000000000000000020; productName = VLCKitSPM; };
  A00000000000000000000001 = {isa = PBXFileReference; lastKnownFileType = sourcecode.swift; path = GuoPlayerApp.swift; sourceTree = "<group>"; };
  A00000000000000000000002 = {isa = PBXFileReference; lastKnownFileType = sourcecode.swift; path = Models.swift; sourceTree = "<group>"; };
  A00000000000000000000003 = {isa = PBXFileReference; lastKnownFileType = sourcecode.swift; path = EmbyAPI.swift; sourceTree = "<group>"; };
  A00000000000000000000004 = {isa = PBXFileReference; lastKnownFileType = sourcecode.swift; path = AppStore.swift; sourceTree = "<group>"; };
  A00000000000000000000005 = {isa = PBXFileReference; lastKnownFileType = sourcecode.swift; path = SettingsView.swift; sourceTree = "<group>"; };
  A00000000000000000000006 = {isa = PBXFileReference; lastKnownFileType = sourcecode.swift; path = PlayerView.swift; sourceTree = "<group>"; };
  A00000000000000000000007 = {isa = PBXFileReference; lastKnownFileType = image.png; path = logo.png; sourceTree = "<group>"; };
  A00000000000000000000008 = {isa = PBXFileReference; lastKnownFileType = file; path = Info.plist; sourceTree = "<group>"; };
  A00000000000000000000009 = {isa = PBXFileReference; explicitFileType = wrapper.application; includeInIndex = 0; path = GuoPlayer.app; sourceTree = BUILT_PRODUCTS_DIR; };
  A0000000000000000000000A = {isa = PBXFileReference; lastKnownFileType = folder.assetcatalog; path = Assets.xcassets; sourceTree = "<group>"; };
  A0000000000000000000000B = {isa = PBXFileReference; lastKnownFileType = file.storyboard; path = LaunchScreen.storyboard; sourceTree = "<group>"; };
  A0000000000000000000000C = {isa = PBXFileReference; lastKnownFileType = sourcecode.swift; path = ImmersiveViews.swift; sourceTree = "<group>"; };
  A0000000000000000000000D = {isa = PBXFileReference; lastKnownFileType = sourcecode.swift; path = TMDB.swift; sourceTree = "<group>"; };
  A0000000000000000000000E = {isa = PBXFileReference; lastKnownFileType = sourcecode.swift; path = TMDBHome.swift; sourceTree = "<group>"; };
  B00000000000000000000001 = {isa = PBXBuildFile; fileRef = A00000000000000000000001; };
  B00000000000000000000002 = {isa = PBXBuildFile; fileRef = A00000000000000000000002; };
  B00000000000000000000003 = {isa = PBXBuildFile; fileRef = A00000000000000000000003; };
  B00000000000000000000004 = {isa = PBXBuildFile; fileRef = A00000000000000000000004; };
  B00000000000000000000005 = {isa = PBXBuildFile; fileRef = A00000000000000000000005; };
  B00000000000000000000006 = {isa = PBXBuildFile; fileRef = A00000000000000000000006; };
  B00000000000000000000008 = {isa = PBXBuildFile; fileRef = A0000000000000000000000A; };
  B00000000000000000000009 = {isa = PBXBuildFile; fileRef = A0000000000000000000000B; };
  B0000000000000000000000A = {isa = PBXBuildFile; fileRef = A0000000000000000000000C; };
  B0000000000000000000000B = {isa = PBXBuildFile; fileRef = A0000000000000000000000D; };
  B0000000000000000000000C = {isa = PBXBuildFile; fileRef = A0000000000000000000000E; };
  C00000000000000000000001 = {isa = PBXGroup; children = (C00000000000000000000002, C00000000000000000000003); sourceTree = "<group>"; };
  C00000000000000000000002 = {isa = PBXGroup; path = GuoPlayer; sourceTree = "<group>"; children = (A00000000000000000000001,A00000000000000000000002,A00000000000000000000003,A00000000000000000000004,A00000000000000000000005,A00000000000000000000006,A00000000000000000000007,A00000000000000000000008,A0000000000000000000000A,A0000000000000000000000B,A0000000000000000000000C,A0000000000000000000000D,A0000000000000000000000E,A0000000000000000000000F); };
  C00000000000000000000003 = {isa = PBXGroup; name = Products; sourceTree = "<group>"; children = (A00000000000000000000009); };
  D00000000000000000000001 = {isa = PBXSourcesBuildPhase; buildActionMask = 2147483647; files = (B00000000000000000000001,B00000000000000000000002,B00000000000000000000003,B00000000000000000000004,B00000000000000000000005,B00000000000000000000006,B0000000000000000000000A,B0000000000000000000000B,B0000000000000000000000C,B0000000000000000000000D); runOnlyForDeploymentPostprocessing = 0; };
  D00000000000000000000002 = {isa = PBXResourcesBuildPhase; buildActionMask = 2147483647; files = (B00000000000000000000008,B00000000000000000000009); runOnlyForDeploymentPostprocessing = 0; };
  E00000000000000000000001 = {isa = PBXNativeTarget; buildConfigurationList = F00000000000000000000002; buildPhases = (D00000000000000000000001,D00000000000000000000002,D00000000000000000000003); packageProductDependencies = (F00000000000000000000021); buildRules = (); dependencies = (); name = GuoPlayer; productName = GuoPlayer; productReference = A00000000000000000000009; productType = "com.apple.product-type.application"; };
  E00000000000000000000002 = {isa = PBXProject; attributes = { LastUpgradeCheck = 1600; TargetAttributes = { E00000000000000000000001 = { CreatedOnToolsVersion = 16.0; }; }; }; buildConfigurationList = F00000000000000000000001; compatibilityVersion = "Xcode 16.0"; developmentRegion = zh_CN; hasScannedForEncodings = 0; knownRegions = (zh_CN,en,Base); mainGroup = C00000000000000000000001; productRefGroup = C00000000000000000000003; projectDirPath = ""; projectRoot = ""; packageReferences = (F00000000000000000000020); targets = (E00000000000000000000001); };
  F00000000000000000000001 = {isa = XCConfigurationList; buildConfigurations = (F00000000000000000000011,F00000000000000000000012); defaultConfigurationIsVisible = 0; defaultConfigurationName = Release; };
  F00000000000000000000002 = {isa = XCConfigurationList; buildConfigurations = (F00000000000000000000013,F00000000000000000000014); defaultConfigurationIsVisible = 0; defaultConfigurationName = Release; };
  F00000000000000000000011 = {isa = XCBuildConfiguration; name = Debug; buildSettings = { SWIFT_ACTIVE_COMPILATION_CONDITIONS = DEBUG; SWIFT_OPTIMIZATION_LEVEL = "-Onone"; CLANG_ENABLE_MODULES = YES; IPHONEOS_DEPLOYMENT_TARGET = 17.0; SDKROOT = iphoneos; SWIFT_VERSION = 5.0; TARGETED_DEVICE_FAMILY = "1,2"; }; };
  F00000000000000000000012 = {isa = XCBuildConfiguration; name = Release; buildSettings = { CLANG_ENABLE_MODULES = YES; IPHONEOS_DEPLOYMENT_TARGET = 17.0; SDKROOT = iphoneos; SWIFT_VERSION = 5.0; TARGETED_DEVICE_FAMILY = "1,2"; SWIFT_COMPILATION_MODE = wholemodule; }; };
  F00000000000000000000013 = {isa = XCBuildConfiguration; name = Debug; buildSettings = { SWIFT_ACTIVE_COMPILATION_CONDITIONS = DEBUG; SWIFT_OPTIMIZATION_LEVEL = "-Onone"; PRODUCT_NAME = GuoPlayer; PRODUCT_BUNDLE_IDENTIFIER = com.guoplayer.app; MARKETING_VERSION = 1.2.0; CURRENT_PROJECT_VERSION = 13; INFOPLIST_FILE = GuoPlayer/Info.plist; GENERATE_INFOPLIST_FILE = NO; IPHONEOS_DEPLOYMENT_TARGET = 17.0; SWIFT_VERSION = 5.0; TARGETED_DEVICE_FAMILY = "1,2"; ASSETCATALOG_COMPILER_APPICON_NAME = AppIcon; CODE_SIGN_STYLE = Automatic; DEVELOPMENT_ASSET_PATHS = ""; }; };
  F00000000000000000000014 = {isa = XCBuildConfiguration; name = Release; buildSettings = { PRODUCT_NAME = GuoPlayer; PRODUCT_BUNDLE_IDENTIFIER = com.guoplayer.app; MARKETING_VERSION = 1.2.0; CURRENT_PROJECT_VERSION = 13; INFOPLIST_FILE = GuoPlayer/Info.plist; GENERATE_INFOPLIST_FILE = NO; IPHONEOS_DEPLOYMENT_TARGET = 17.0; SWIFT_VERSION = 5.0; TARGETED_DEVICE_FAMILY = "1,2"; ASSETCATALOG_COMPILER_APPICON_NAME = AppIcon; CODE_SIGN_STYLE = Automatic; DEVELOPMENT_ASSET_PATHS = ""; }; };
 };
 rootObject = E00000000000000000000002;
}
